// !$*UTF8*$!
{
	archiveVersion = 1;
	classes = {
	};
	objectVersion = 56;
	objects = {

/* Begin PBXBuildFile section */
		2210CBE52C81F7A7004B2666 /* BibliotecaIphoneIpadApp.swift in Sources */ = {isa = PBXBuildFile; fileRef = 2210CBE42C81F7A7004B2666 /* BibliotecaIphoneIpadApp.swift */; };
		2210CBE72C81F7A7004B2666 /* ContentView.swift in Sources */ = {isa = PBXBuildFile; fileRef = 2210CBE62C81F7A7004B2666 /* ContentView.swift */; };
		2210CBE92C81F7A9004B2666 /* Assets.xcassets in Resources */ = {isa = PBXBuildFile; fileRef = 2210CBE82C81F7A9004B2666 /* Assets.xcassets */; };
		2210CBEC2C81F7A9004B2666 /* Preview Assets.xcassets in Resources */ = {isa = PBXBuildFile; fileRef = 2210CBEB2C81F7A9004B2666 /* Preview Assets.xcassets */; };
		2210CBF62C81F7A9004B2666 /* BibliotecaIphoneIpadTests.swift in Sources */ = {isa = PBXBuildFile; fileRef = 2210CBF52C81F7A9004B2666 /* BibliotecaIphoneIpadTests.swift */; };
		2210CC002C81F7A9004B2666 /* BibliotecaIphoneIpadUITests.swift in Sources */ = {isa = PBXBuildFile; fileRef = 2210CBFF2C81F7A9004B2666 /* BibliotecaIphoneIpadUITests.swift */; };
		2210CC022C81F7A9004B2666 /* BibliotecaIphoneIpadUITestsLaunchTests.swift in Sources */ = {isa = PBXBuildFile; fileRef = 2210CC012C81F7A9004B2666 /* BibliotecaIphoneIpadUITestsLaunchTests.swift */; };
		2210CC112C81F83E004B2666 /* NavBar.swift in Sources */ = {isa = PBXBuildFile; fileRef = 2210CC102C81F83E004B2666 /* NavBar.swift */; };
		2210CC132C81F84C004B2666 /* CardView.swift in Sources */ = {isa = PBXBuildFile; fileRef = 2210CC122C81F84C004B2666 /* CardView.swift */; };
		2210CC152C81F85B004B2666 /* ButtonView.swift in Sources */ = {isa = PBXBuildFile; fileRef = 2210CC142C81F85B004B2666 /* ButtonView.swift */; };
		2210CC172C81F86F004B2666 /* Home.swift in Sources */ = {isa = PBXBuildFile; fileRef = 2210CC162C81F86E004B2666 /* Home.swift */; };
		2210CC192C8222DA004B2666 /* GoogleService-Info.plist in Resources */ = {isa = PBXBuildFile; fileRef = 2210CC182C8222D9004B2666 /* GoogleService-Info.plist */; };
		2210CC1C2C822683004B2666 /* FirebaseAuth in Frameworks */ = {isa = PBXBuildFile; productRef = 2210CC1B2C822683004B2666 /* FirebaseAuth */; };
		2210CC1E2C822683004B2666 /* FirebaseFirestore in Frameworks */ = {isa = PBXBuildFile; productRef = 2210CC1D2C822683004B2666 /* FirebaseFirestore */; };
		2210CC202C822683004B2666 /* FirebaseStorage in Frameworks */ = {isa = PBXBuildFile; productRef = 2210CC1F2C822683004B2666 /* FirebaseStorage */; };
		2210CC222C82275B004B2666 /* AppDelegate.swift in Sources */ = {isa = PBXBuildFile; fileRef = 2210CC212C82275B004B2666 /* AppDelegate.swift */; };
		2210CC252C827CF9004B2666 /* FirebaseViewModel.swift in Sources */ = {isa = PBXBuildFile; fileRef = 2210CC242C827CF9004B2666 /* FirebaseViewModel.swift */; };
		2210CC272C8285E5004B2666 /* Login.swift in Sources */ = {isa = PBXBuildFile; fileRef = 2210CC262C8285E5004B2666 /* Login.swift */; };
		2210CC292C82A77B004B2666 /* AddView.swift in Sources */ = {isa = PBXBuildFile; fileRef = 2210CC282C82A77A004B2666 /* AddView.swift */; };
		2210CC2B2C8361F0004B2666 /* ImagePicker.swift in Sources */ = {isa = PBXBuildFile; fileRef = 2210CC2A2C8361F0004B2666 /* ImagePicker.swift */; };
		2210CC2E2C853AF8004B2666 /* FirebaseModel.swift in Sources */ = {isa = PBXBuildFile; fileRef = 2210CC2D2C853AF8004B2666 /* FirebaseModel.swift */; };
		2210CC302C854105004B2666 /* PortadaViewModel.swift in Sources */ = {isa = PBXBuildFile; fileRef = 2210CC2F2C854105004B2666 /* PortadaViewModel.swift */; };
		2210CC322C85425D004B2666 /* ImagenFirebase.swift in Sources */ = {isa = PBXBuildFile; fileRef = 2210CC312C85425D004B2666 /* ImagenFirebase.swift */; };
		2210CC342C85446A004B2666 /* ListView.swift in Sources */ = {isa = PBXBuildFile; fileRef = 2210CC332C85446A004B2666 /* ListView.swift */; };
		226DDEF42C864F9A00D26952 /* EditarView.swift in Sources */ = {isa = PBXBuildFile; fileRef = 226DDEF32C864F9A00D26952 /* EditarView.swift */; };
		226DDEF62C866FDA00D26952 /* CardViewXbox.swift in Sources */ = {isa = PBXBuildFile; fileRef = 226DDEF52C866FDA00D26952 /* CardViewXbox.swift */; };
		226DDEF82C8670AB00D26952 /* CardViewNintendo.swift in Sources */ = {isa = PBXBuildFile; fileRef = 226DDEF72C8670AB00D26952 /* CardViewNintendo.swift */; };
/* End PBXBuildFile section */

/* Begin PBXContainerItemProxy section */
		2210CBF22C81F7A9004B2666 /* PBXContainerItemProxy */ = {
			isa = PBXContainerItemProxy;
			containerPortal = 2210CBD92C81F7A7004B2666 /* Project object */;
			proxyType = 1;
			remoteGlobalIDString = 2210CBE02C81F7A7004B2666;
			remoteInfo = BibliotecaIphoneIpad;
		};
		2210CBFC2C81F7A9004B2666 /* PBXContainerItemProxy */ = {
			isa = PBXContainerItemProxy;
			containerPortal = 2210CBD92C81F7A7004B2666 /* Project object */;
			proxyType = 1;
			remoteGlobalIDString = 2210CBE02C81F7A7004B2666;
			remoteInfo = BibliotecaIphoneIpad;
		};
/* End PBXContainerItemProxy section */

/* Begin PBXFileReference section */
		2210CBE12C81F7A7004B2666 /* BibliotecaIphoneIpad.app */ = {isa = PBXFileReference; explicitFileType = wrapper.application; includeInIndex = 0; path = BibliotecaIphoneIpad.app; sourceTree = BUILT_PRODUCTS_DIR; };
		2210CBE42C81F7A7004B2666 /* BibliotecaIphoneIpadApp.swift */ = {isa = PBXFileReference; lastKnownFileType = sourcecode.swift; path = BibliotecaIphoneIpadApp.swift; sourceTree = "<group>"; };
		2210CBE62C81F7A7004B2666 /* ContentView.swift */ = {isa = PBXFileReference; lastKnownFileType = sourcecode.swift; path = ContentView.swift; sourceTree = "<group>"; };
		2210CBE82C81F7A9004B2666 /* Assets.xcassets */ = {isa = PBXFileReference; lastKnownFileType = folder.assetcatalog; path = Assets.xcassets; sourceTree = "<group>"; };
		2210CBEB2C81F7A9004B2666 /* Preview Assets.xcassets */ = {isa = PBXFileReference; lastKnownFileType = folder.assetcatalog; path = "Preview Assets.xcassets"; sourceTree = "<group>"; };
		2210CBF12C81F7A9004B2666 /* BibliotecaIphoneIpadTests.xctest */ = {isa = PBXFileReference; explicitFileType = wrapper.cfbundle; includeInIndex = 0; path = BibliotecaIphoneIpadTests.xctest; sourceTree = BUILT_PRODUCTS_DIR; };
		2210CBF52C81F7A9004B2666 /* BibliotecaIphoneIpadTests.swift */ = {isa = PBXFileReference; lastKnownFileType = sourcecode.swift; path = BibliotecaIphoneIpadTests.swift; sourceTree = "<group>"; };
		2210CBFB2C81F7A9004B2666 /* BibliotecaIphoneIpadUITests.xctest */ = {isa = PBXFileReference; explicitFileType = wrapper.cfbundle; includeInIndex = 0; path = BibliotecaIphoneIpadUITests.xctest; sourceTree = BUILT_PRODUCTS_DIR; };
		2210CBFF2C81F7A9004B2666 /* BibliotecaIphoneIpadUITests.swift */ = {isa = PBXFileReference; lastKnownFileType = sourcecode.swift; path = BibliotecaIphoneIpadUITests.swift; sourceTree = "<group>"; };
		2210CC012C81F7A9004B2666 /* BibliotecaIphoneIpadUITestsLaunchTests.swift */ = {isa = PBXFileReference; lastKnownFileType = sourcecode.swift; path = BibliotecaIphoneIpadUITestsLaunchTests.swift; sourceTree = "<group>"; };
		2210CC102C81F83E004B2666 /* NavBar.swift */ = {isa = PBXFileReference; lastKnownFileType = sourcecode.swift; path = NavBar.swift; sourceTree = "<group>"; };
		2210CC122C81F84C004B2666 /* CardView.swift */ = {isa = PBXFileReference; lastKnownFileType = sourcecode.swift; path = CardView.swift; sourceTree = "<group>"; };
		2210CC142C81F85B004B2666 /* ButtonView.swift */ = {isa = PBXFileReference; lastKnownFileType = sourcecode.swift; path = ButtonView.swift; sourceTree = "<group>"; };
		2210CC162C81F86E004B2666 /* Home.swift */ = {isa = PBXFileReference; lastKnownFileType = sourcecode.swift; path = Home.swift; sourceTree = "<group>"; };
		2210CC182C8222D9004B2666 /* GoogleService-Info.plist */ = {isa = PBXFileReference; fileEncoding = 4; lastKnownFileType = text.plist.xml; path = "GoogleService-Info.plist"; sourceTree = "<group>"; };
		2210CC212C82275B004B2666 /* AppDelegate.swift */ = {isa = PBXFileReference; lastKnownFileType = sourcecode.swift; path = AppDelegate.swift; sourceTree = "<group>"; };
		2210CC242C827CF9004B2666 /* FirebaseViewModel.swift */ = {isa = PBXFileReference; lastKnownFileType = sourcecode.swift; path = FirebaseViewModel.swift; sourceTree = "<group>"; };
		2210CC262C8285E5004B2666 /* Login.swift */ = {isa = PBXFileReference; lastKnownFileType = sourcecode.swift; path = Login.swift; sourceTree = "<group>"; };
		2210CC282C82A77A004B2666 /* AddView.swift */ = {isa = PBXFileReference; lastKnownFileType = sourcecode.swift; path = AddView.swift; sourceTree = "<group>"; };
		2210CC2A2C8361F0004B2666 /* ImagePicker.swift */ = {isa = PBXFileReference; lastKnownFileType = sourcecode.swift; path = ImagePicker.swift; sourceTree = "<group>"; };
		2210CC2D2C853AF8004B2666 /* FirebaseModel.swift */ = {isa = PBXFileReference; lastKnownFileType = sourcecode.swift; path = FirebaseModel.swift; sourceTree = "<group>"; };
		2210CC2F2C854105004B2666 /* PortadaViewModel.swift */ = {isa = PBXFileReference; lastKnownFileType = sourcecode.swift; path = PortadaViewModel.swift; sourceTree = "<group>"; };
		2210CC312C85425D004B2666 /* ImagenFirebase.swift */ = {isa = PBXFileReference; lastKnownFileType = sourcecode.swift; path = ImagenFirebase.swift; sourceTree = "<group>"; };
		2210CC332C85446A004B2666 /* ListView.swift */ = {isa = PBXFileReference; lastKnownFileType = sourcecode.swift; path = ListView.swift; sourceTree = "<group>"; };
		226DDEF32C864F9A00D26952 /* EditarView.swift */ = {isa = PBXFileReference; lastKnownFileType = sourcecode.swift; path = EditarView.swift; sourceTree = "<group>"; };
		226DDEF52C866FDA00D26952 /* CardViewXbox.swift */ = {isa = PBXFileReference; lastKnownFileType = sourcecode.swift; path = CardViewXbox.swift; sourceTree = "<group>"; };
		226DDEF72C8670AB00D26952 /* CardViewNintendo.swift */ = {isa = PBXFileReference; lastKnownFileType = sourcecode.swift; path = CardViewNintendo.swift; sourceTree = "<group>"; };
/* End PBXFileReference section */

/* Begin PBXFrameworksBuildPhase section */
		2210CBDE2C81F7A7004B2666 /* Frameworks */ = {
			isa = PBXFrameworksBuildPhase;
			buildActionMask = 2147483647;
			files = (
				2210CC1C2C822683004B2666 /* FirebaseAuth in Frameworks */,
				2210CC1E2C822683004B2666 /* FirebaseFirestore in Frameworks */,
				2210CC202C822683004B2666 /* FirebaseStorage in Frameworks */,
			);
			runOnlyForDeploymentPostprocessing = 0;
		};
		2210CBEE2C81F7A9004B2666 /* Frameworks */ = {
			isa = PBXFrameworksBuildPhase;
			buildActionMask = 2147483647;
			files = (
			);
			runOnlyForDeploymentPostprocessing = 0;
		};
		2210CBF82C81F7A9004B2666 /* Frameworks */ = {
			isa = PBXFrameworksBuildPhase;
			buildActionMask = 2147483647;
			files = (
			);
			runOnlyForDeploymentPostprocessing = 0;
		};
/* End PBXFrameworksBuildPhase section */

/* Begin PBXGroup section */
		2210CBD82C81F7A7004B2666 = {
			isa = PBXGroup;
			children = (
				2210CC182C8222D9004B2666 /* GoogleService-Info.plist */,
				2210CBE32C81F7A7004B2666 /* BibliotecaIphoneIpad */,
				2210CBF42C81F7A9004B2666 /* BibliotecaIphoneIpadTests */,
				2210CBFE2C81F7A9004B2666 /* BibliotecaIphoneIpadUITests */,
				2210CBE22C81F7A7004B2666 /* Products */,
			);
			sourceTree = "<group>";
		};
		2210CBE22C81F7A7004B2666 /* Products */ = {
			isa = PBXGroup;
			children = (
				2210CBE12C81F7A7004B2666 /* BibliotecaIphoneIpad.app */,
				2210CBF12C81F7A9004B2666 /* BibliotecaIphoneIpadTests.xctest */,
				2210CBFB2C81F7A9004B2666 /* BibliotecaIphoneIpadUITests.xctest */,
			);
			name = Products;
			sourceTree = "<group>";
		};
		2210CBE32C81F7A7004B2666 /* BibliotecaIphoneIpad */ = {
			isa = PBXGroup;
			children = (
				2210CC2C2C853AE8004B2666 /* Model */,
				2210CC232C827CD9004B2666 /* ViewModel */,
				2210CC0E2C81F813004B2666 /* View */,
				2210CBE42C81F7A7004B2666 /* BibliotecaIphoneIpadApp.swift */,
				2210CBE62C81F7A7004B2666 /* ContentView.swift */,
				2210CBE82C81F7A9004B2666 /* Assets.xcassets */,
				2210CBEA2C81F7A9004B2666 /* Preview Content */,
				2210CC212C82275B004B2666 /* AppDelegate.swift */,
			);
			path = BibliotecaIphoneIpad;
			sourceTree = "<group>";
		};
		2210CBEA2C81F7A9004B2666 /* Preview Content */ = {
			isa = PBXGroup;
			children = (
				2210CBEB2C81F7A9004B2666 /* Preview Assets.xcassets */,
			);
			path = "Preview Content";
			sourceTree = "<group>";
		};
		2210CBF42C81F7A9004B2666 /* BibliotecaIphoneIpadTests */ = {
			isa = PBXGroup;
			children = (
				2210CBF52C81F7A9004B2666 /* BibliotecaIphoneIpadTests.swift */,
			);
			path = BibliotecaIphoneIpadTests;
			sourceTree = "<group>";
		};
		2210CBFE2C81F7A9004B2666 /* BibliotecaIphoneIpadUITests */ = {
			isa = PBXGroup;
			children = (
				2210CBFF2C81F7A9004B2666 /* BibliotecaIphoneIpadUITests.swift */,
				2210CC012C81F7A9004B2666 /* BibliotecaIphoneIpadUITestsLaunchTests.swift */,
			);
			path = BibliotecaIphoneIpadUITests;
			sourceTree = "<group>";
		};
		2210CC0E2C81F813004B2666 /* View */ = {
			isa = PBXGroup;
			children = (
				2210CC0F2C81F828004B2666 /* Elementos */,
				2210CC162C81F86E004B2666 /* Home.swift */,
				2210CC262C8285E5004B2666 /* Login.swift */,
				2210CC282C82A77A004B2666 /* AddView.swift */,
				226DDEF32C864F9A00D26952 /* EditarView.swift */,
			);
			path = View;
			sourceTree = "<group>";
		};
		2210CC0F2C81F828004B2666 /* Elementos */ = {
			isa = PBXGroup;
			children = (
				2210CC102C81F83E004B2666 /* NavBar.swift */,
				2210CC142C81F85B004B2666 /* ButtonView.swift */,
				2210CC2A2C8361F0004B2666 /* ImagePicker.swift */,
				2210CC312C85425D004B2666 /* ImagenFirebase.swift */,
				2210CC332C85446A004B2666 /* ListView.swift */,
				2210CC122C81F84C004B2666 /* CardView.swift */,
				226DDEF52C866FDA00D26952 /* CardViewXbox.swift */,
				226DDEF72C8670AB00D26952 /* CardViewNintendo.swift */,
			);
			path = Elementos;
			sourceTree = "<group>";
		};
		2210CC232C827CD9004B2666 /* ViewModel */ = {
			isa = PBXGroup;
			children = (
				2210CC242C827CF9004B2666 /* FirebaseViewModel.swift */,
				2210CC2F2C854105004B2666 /* PortadaViewModel.swift */,
			);
			path = ViewModel;
			sourceTree = "<group>";
		};
		2210CC2C2C853AE8004B2666 /* Model */ = {
			isa = PBXGroup;
			children = (
				2210CC2D2C853AF8004B2666 /* FirebaseModel.swift */,
			);
			path = Model;
			sourceTree = "<group>";
		};
/* End PBXGroup section */

/* Begin PBXNativeTarget section */
		2210CBE02C81F7A7004B2666 /* BibliotecaIphoneIpad */ = {
			isa = PBXNativeTarget;
			buildConfigurationList = 2210CC052C81F7A9004B2666 /* Build configuration list for PBXNativeTarget "BibliotecaIphoneIpad" */;
			buildPhases = (
				2210CBDD2C81F7A7004B2666 /* Sources */,
				2210CBDE2C81F7A7004B2666 /* Frameworks */,
				2210CBDF2C81F7A7004B2666 /* Resources */,
			);
			buildRules = (
			);
			dependencies = (
			);
			name = BibliotecaIphoneIpad;
			packageProductDependencies = (
				2210CC1B2C822683004B2666 /* FirebaseAuth */,
				2210CC1D2C822683004B2666 /* FirebaseFirestore */,
				2210CC1F2C822683004B2666 /* FirebaseStorage */,
			);
			productName = BibliotecaIphoneIpad;
			productReference = 2210CBE12C81F7A7004B2666 /* BibliotecaIphoneIpad.app */;
			productType = "com.apple.product-type.application";
		};
		2210CBF02C81F7A9004B2666 /* BibliotecaIphoneIpadTests */ = {
			isa = PBXNativeTarget;
			buildConfigurationList = 2210CC082C81F7A9004B2666 /* Build configuration list for PBXNativeTarget "BibliotecaIphoneIpadTests" */;
			buildPhases = (
				2210CBED2C81F7A9004B2666 /* Sources */,
				2210CBEE2C81F7A9004B2666 /* Frameworks */,
				2210CBEF2C81F7A9004B2666 /* Resources */,
			);
			buildRules = (
			);
			dependencies = (
				2210CBF32C81F7A9004B2666 /* PBXTargetDependency */,
			);
			name = BibliotecaIphoneIpadTests;
			productName = BibliotecaIphoneIpadTests;
			productReference = 2210CBF12C81F7A9004B2666 /* BibliotecaIphoneIpadTests.xctest */;
			productType = "com.apple.product-type.bundle.unit-test";
		};
		2210CBFA2C81F7A9004B2666 /* BibliotecaIphoneIpadUITests */ = {
			isa = PBXNativeTarget;
			buildConfigurationList = 2210CC0B2C81F7A9004B2666 /* Build configuration list for PBXNativeTarget "BibliotecaIphoneIpadUITests" */;
			buildPhases = (
				2210CBF72C81F7A9004B2666 /* Sources */,
				2210CBF82C81F7A9004B2666 /* Frameworks */,
				2210CBF92C81F7A9004B2666 /* Resources */,
			);
			buildRules = (
			);
			dependencies = (
				2210CBFD2C81F7A9004B2666 /* PBXTargetDependency */,
			);
			name = BibliotecaIphoneIpadUITests;
			productName = BibliotecaIphoneIpadUITests;
			productReference = 2210CBFB2C81F7A9004B2666 /* BibliotecaIphoneIpadUITests.xctest */;
			productType = "com.apple.product-type.bundle.ui-testing";
		};
/* End PBXNativeTarget section */

/* Begin PBXProject section */
		2210CBD92C81F7A7004B2666 /* Project object */ = {
			isa = PBXProject;
			attributes = {
				BuildIndependentTargetsInParallel = 1;
				LastSwiftUpdateCheck = 1540;
				LastUpgradeCheck = 1540;
				TargetAttributes = {
					2210CBE02C81F7A7004B2666 = {
						CreatedOnToolsVersion = 15.4;
					};
					2210CBF02C81F7A9004B2666 = {
						CreatedOnToolsVersion = 15.4;
						TestTargetID = 2210CBE02C81F7A7004B2666;
					};
					2210CBFA2C81F7A9004B2666 = {
						CreatedOnToolsVersion = 15.4;
						TestTargetID = 2210CBE02C81F7A7004B2666;
					};
				};
			};
			buildConfigurationList = 2210CBDC2C81F7A7004B2666 /* Build configuration list for PBXProject "BibliotecaIphoneIpad" */;
			compatibilityVersion = "Xcode 14.0";
			developmentRegion = en;
			hasScannedForEncodings = 0;
			knownRegions = (
				en,
				Base,
			);
			mainGroup = 2210CBD82C81F7A7004B2666;
			packageReferences = (
				2210CC1A2C822683004B2666 /* XCRemoteSwiftPackageReference "firebase-ios-sdk" */,
			);
			productRefGroup = 2210CBE22C81F7A7004B2666 /* Products */;
			projectDirPath = "";
			projectRoot = "";
			targets = (
				2210CBE02C81F7A7004B2666 /* BibliotecaIphoneIpad */,
				2210CBF02C81F7A9004B2666 /* BibliotecaIphoneIpadTests */,
				2210CBFA2C81F7A9004B2666 /* BibliotecaIphoneIpadUITests */,
			);
		};
/* End PBXProject section */

/* Begin PBXResourcesBuildPhase section */
		2210CBDF2C81F7A7004B2666 /* Resources */ = {
			isa = PBXResourcesBuildPhase;
			buildActionMask = 2147483647;
			files = (
				2210CBEC2C81F7A9004B2666 /* Preview Assets.xcassets in Resources */,
				2210CBE92C81F7A9004B2666 /* Assets.xcassets in Resources */,
				2210CC192C8222DA004B2666 /* GoogleService-Info.plist in Resources */,
			);
			runOnlyForDeploymentPostprocessing = 0;
		};
		2210CBEF2C81F7A9004B2666 /* Resources */ = {
			isa = PBXResourcesBuildPhase;
			buildActionMask = 2147483647;
			files = (
			);
			runOnlyForDeploymentPostprocessing = 0;
		};
		2210CBF92C81F7A9004B2666 /* Resources */ = {
			isa = PBXResourcesBuildPhase;
			buildActionMask = 2147483647;
			files = (
			);
			runOnlyForDeploymentPostprocessing = 0;
		};
/* End PBXResourcesBuildPhase section */

/* Begin PBXSourcesBuildPhase section */
		2210CBDD2C81F7A7004B2666 /* Sources */ = {
			isa = PBXSourcesBuildPhase;
			buildActionMask = 2147483647;
			files = (
				2210CC2E2C853AF8004B2666 /* FirebaseModel.swift in Sources */,
				2210CBE72C81F7A7004B2666 /* ContentView.swift in Sources */,
				2210CC342C85446A004B2666 /* ListView.swift in Sources */,
				2210CBE52C81F7A7004B2666 /* BibliotecaIphoneIpadApp.swift in Sources */,
				2210CC292C82A77B004B2666 /* AddView.swift in Sources */,
				2210CC152C81F85B004B2666 /* ButtonView.swift in Sources */,
				2210CC302C854105004B2666 /* PortadaViewModel.swift in Sources */,
				2210CC132C81F84C004B2666 /* CardView.swift in Sources */,
				2210CC222C82275B004B2666 /* AppDelegate.swift in Sources */,
				2210CC172C81F86F004B2666 /* Home.swift in Sources */,
				2210CC322C85425D004B2666 /* ImagenFirebase.swift in Sources */,
				2210CC2B2C8361F0004B2666 /* ImagePicker.swift in Sources */,
				2210CC272C8285E5004B2666 /* Login.swift in Sources */,
				226DDEF62C866FDA00D26952 /* CardViewXbox.swift in Sources */,
				2210CC112C81F83E004B2666 /* NavBar.swift in Sources */,
				2210CC252C827CF9004B2666 /* FirebaseViewModel.swift in Sources */,
				226DDEF42C864F9A00D26952 /* EditarView.swift in Sources */,
				226DDEF82C8670AB00D26952 /* CardViewNintendo.swift in Sources */,
			);
			runOnlyForDeploymentPostprocessing = 0;
		};
		2210CBED2C81F7A9004B2666 /* Sources */ = {
			isa = PBXSourcesBuildPhase;
			buildActionMask = 2147483647;
			files = (
				2210CBF62C81F7A9004B2666 /* BibliotecaIphoneIpadTests.swift in Sources */,
			);
			runOnlyForDeploymentPostprocessing = 0;
		};
		2210CBF72C81F7A9004B2666 /* Sources */ = {
			isa = PBXSourcesBuildPhase;
			buildActionMask = 2147483647;
			files = (
				2210CC002C81F7A9004B2666 /* BibliotecaIphoneIpadUITests.swift in Sources */,
				2210CC022C81F7A9004B2666 /* BibliotecaIphoneIpadUITestsLaunchTests.swift in Sources */,
			);
			runOnlyForDeploymentPostprocessing = 0;
		};
/* End PBXSourcesBuildPhase section */

/* Begin PBXTargetDependency section */
		2210CBF32C81F7A9004B2666 /* PBXTargetDependency */ = {
			isa = PBXTargetDependency;
			target = 2210CBE02C81F7A7004B2666 /* BibliotecaIphoneIpad */;
			targetProxy = 2210CBF22C81F7A9004B2666 /* PBXContainerItemProxy */;
		};
		2210CBFD2C81F7A9004B2666 /* PBXTargetDependency */ = {
			isa = PBXTargetDependency;
			target = 2210CBE02C81F7A7004B2666 /* BibliotecaIphoneIpad */;
			targetProxy = 2210CBFC2C81F7A9004B2666 /* PBXContainerItemProxy */;
		};
/* End PBXTargetDependency section */

/* Begin XCBuildConfiguration section */
		2210CC032C81F7A9004B2666 /* Debug */ = {
			isa = XCBuildConfiguration;
			buildSettings = {
				ALWAYS_SEARCH_USER_PATHS = NO;
				ASSETCATALOG_COMPILER_GENERATE_SWIFT_ASSET_SYMBOL_EXTENSIONS = YES;
				CLANG_ANALYZER_NONNULL = YES;
				CLANG_ANALYZER_NUMBER_OBJECT_CONVERSION = YES_AGGRESSIVE;
				CLANG_CXX_LANGUAGE_STANDARD = "gnu++20";
				CLANG_ENABLE_MODULES = YES;
				CLANG_ENABLE_OBJC_ARC = YES;
				CLANG_ENABLE_OBJC_WEAK = YES;
				CLANG_WARN_BLOCK_CAPTURE_AUTORELEASING = YES;
				CLANG_WARN_BOOL_CONVERSION = YES;
				CLANG_WARN_COMMA = YES;
				CLANG_WARN_CONSTANT_CONVERSION = YES;
				CLANG_WARN_DEPRECATED_OBJC_IMPLEMENTATIONS = YES;
				CLANG_WARN_DIRECT_OBJC_ISA_USAGE = YES_ERROR;
				CLANG_WARN_DOCUMENTATION_COMMENTS = YES;
				CLANG_WARN_EMPTY_BODY = YES;
				CLANG_WARN_ENUM_CONVERSION = YES;
				CLANG_WARN_INFINITE_RECURSION = YES;
				CLANG_WARN_INT_CONVERSION = YES;
				CLANG_WARN_NON_LITERAL_NULL_CONVERSION = YES;
				CLANG_WARN_OBJC_IMPLICIT_RETAIN_SELF = YES;
				CLANG_WARN_OBJC_LITERAL_CONVERSION = YES;
				CLANG_WARN_OBJC_ROOT_CLASS = YES_ERROR;
				CLANG_WARN_QUOTED_INCLUDE_IN_FRAMEWORK_HEADER = YES;
				CLANG_WARN_RANGE_LOOP_ANALYSIS = YES;
				CLANG_WARN_STRICT_PROTOTYPES = YES;
				CLANG_WARN_SUSPICIOUS_MOVE = YES;
				CLANG_WARN_UNGUARDED_AVAILABILITY = YES_AGGRESSIVE;
				CLANG_WARN_UNREACHABLE_CODE = YES;
				CLANG_WARN__DUPLICATE_METHOD_MATCH = YES;
				COPY_PHASE_STRIP = NO;
				DEBUG_INFORMATION_FORMAT = dwarf;
				ENABLE_STRICT_OBJC_MSGSEND = YES;
				ENABLE_TESTABILITY = YES;
				ENABLE_USER_SCRIPT_SANDBOXING = YES;
				GCC_C_LANGUAGE_STANDARD = gnu17;
				GCC_DYNAMIC_NO_PIC = NO;
				GCC_NO_COMMON_BLOCKS = YES;
				GCC_OPTIMIZATION_LEVEL = 0;
				GCC_PREPROCESSOR_DEFINITIONS = (
					"DEBUG=1",
					"$(inherited)",
				);
				GCC_WARN_64_TO_32_BIT_CONVERSION = YES;
				GCC_WARN_ABOUT_RETURN_TYPE = YES_ERROR;
				GCC_WARN_UNDECLARED_SELECTOR = YES;
				GCC_WARN_UNINITIALIZED_AUTOS = YES_AGGRESSIVE;
				GCC_WARN_UNUSED_FUNCTION = YES;
				GCC_WARN_UNUSED_VARIABLE = YES;
				IPHONEOS_DEPLOYMENT_TARGET = 17.5;
				LOCALIZATION_PREFERS_STRING_CATALOGS = YES;
				MTL_ENABLE_DEBUG_INFO = INCLUDE_SOURCE;
				MTL_FAST_MATH = YES;
				ONLY_ACTIVE_ARCH = YES;
				SDKROOT = iphoneos;
				SWIFT_ACTIVE_COMPILATION_CONDITIONS = "DEBUG $(inherited)";
				SWIFT_OPTIMIZATION_LEVEL = "-Onone";
			};
			name = Debug;
		};
		2210CC042C81F7A9004B2666 /* Release */ = {
			isa = XCBuildConfiguration;
			buildSettings = {
				ALWAYS_SEARCH_USER_PATHS = NO;
				ASSETCATALOG_COMPILER_GENERATE_SWIFT_ASSET_SYMBOL_EXTENSIONS = YES;
				CLANG_ANALYZER_NONNULL = YES;
				CLANG_ANALYZER_NUMBER_OBJECT_CONVERSION = YES_AGGRESSIVE;
				CLANG_CXX_LANGUAGE_STANDARD = "gnu++20";
				CLANG_ENABLE_MODULES = YES;
				CLANG_ENABLE_OBJC_ARC = YES;
				CLANG_ENABLE_OBJC_WEAK = YES;
				CLANG_WARN_BLOCK_CAPTURE_AUTORELEASING = YES;
				CLANG_WARN_BOOL_CONVERSION = YES;
				CLANG_WARN_COMMA = YES;
				CLANG_WARN_CONSTANT_CONVERSION = YES;
				CLANG_WARN_DEPRECATED_OBJC_IMPLEMENTATIONS = YES;
				CLANG_WARN_DIRECT_OBJC_ISA_USAGE = YES_ERROR;
				CLANG_WARN_DOCUMENTATION_COMMENTS = YES;
				CLANG_WARN_EMPTY_BODY = YES;
				CLANG_WARN_ENUM_CONVERSION = YES;
				CLANG_WARN_INFINITE_RECURSION = YES;
				CLANG_WARN_INT_CONVERSION = YES;
				CLANG_WARN_NON_LITERAL_NULL_CONVERSION = YES;
				CLANG_WARN_OBJC_IMPLICIT_RETAIN_SELF = YES;
				CLANG_WARN_OBJC_LITERAL_CONVERSION = YES;
				CLANG_WARN_OBJC_ROOT_CLASS = YES_ERROR;
				CLANG_WARN_QUOTED_INCLUDE_IN_FRAMEWORK_HEADER = YES;
				CLANG_WARN_RANGE_LOOP_ANALYSIS = YES;
				CLANG_WARN_STRICT_PROTOTYPES = YES;
				CLANG_WARN_SUSPICIOUS_MOVE = YES;
				CLANG_WARN_UNGUARDED_AVAILABILITY = YES_AGGRESSIVE;
				CLANG_WARN_UNREACHABLE_CODE = YES;
				CLANG_WARN__DUPLICATE_METHOD_MATCH = YES;
				COPY_PHASE_STRIP = NO;
				DEBUG_INFORMATION_FORMAT = "dwarf-with-dsym";
				ENABLE_NS_ASSERTIONS = NO;
				ENABLE_STRICT_OBJC_MSGSEND = YES;
				ENABLE_USER_SCRIPT_SANDBOXING = YES;
				GCC_C_LANGUAGE_STANDARD = gnu17;
				GCC_NO_COMMON_BLOCKS = YES;
				GCC_WARN_64_TO_32_BIT_CONVERSION = YES;
				GCC_WARN_ABOUT_RETURN_TYPE = YES_ERROR;
				GCC_WARN_UNDECLARED_SELECTOR = YES;
				GCC_WARN_UNINITIALIZED_AUTOS = YES_AGGRESSIVE;
				GCC_WARN_UNUSED_FUNCTION = YES;
				GCC_WARN_UNUSED_VARIABLE = YES;
				IPHONEOS_DEPLOYMENT_TARGET = 17.5;
				LOCALIZATION_PREFERS_STRING_CATALOGS = YES;
				MTL_ENABLE_DEBUG_INFO = NO;
				MTL_FAST_MATH = YES;
				SDKROOT = iphoneos;
				SWIFT_COMPILATION_MODE = wholemodule;
				VALIDATE_PRODUCT = YES;
			};
			name = Release;
		};
		2210CC062C81F7A9004B2666 /* Debug */ = {
			isa = XCBuildConfiguration;
			buildSettings = {
				ASSETCATALOG_COMPILER_APPICON_NAME = AppIcon;
				ASSETCATALOG_COMPILER_GLOBAL_ACCENT_COLOR_NAME = AccentColor;
				CODE_SIGN_IDENTITY = "Apple Development";
				CODE_SIGN_STYLE = Automatic;
				CURRENT_PROJECT_VERSION = 1;
				DEVELOPMENT_ASSET_PATHS = "\"BibliotecaIphoneIpad/Preview Content\"";
				DEVELOPMENT_TEAM = U2YGJ53TDZ;
				ENABLE_PREVIEWS = YES;
				GENERATE_INFOPLIST_FILE = YES;
				INFOPLIST_KEY_NSCameraUsageDescription = "Usar la camara";
				INFOPLIST_KEY_NSPhotoLibraryUsageDescription = "Usar la libreria";
				INFOPLIST_KEY_UIApplicationSceneManifest_Generation = YES;
				INFOPLIST_KEY_UIApplicationSupportsIndirectInputEvents = YES;
				INFOPLIST_KEY_UILaunchScreen_Generation = YES;
				INFOPLIST_KEY_UISupportedInterfaceOrientations_iPad = "UIInterfaceOrientationPortrait UIInterfaceOrientationPortraitUpsideDown UIInterfaceOrientationLandscapeLeft UIInterfaceOrientationLandscapeRight";
				INFOPLIST_KEY_UISupportedInterfaceOrientations_iPhone = "UIInterfaceOrientationPortrait UIInterfaceOrientationLandscapeLeft UIInterfaceOrientationLandscapeRight";
				LD_RUNPATH_SEARCH_PATHS = (
					"$(inherited)",
					"@executable_path/Frameworks",
				);
				MARKETING_VERSION = 1.0;
				PRODUCT_BUNDLE_IDENTIFIER = com.andrescardenas.BibliotecaIphoneIpad;
				PRODUCT_NAME = "$(TARGET_NAME)";
				PROVISIONING_PROFILE_SPECIFIER = "";
				SWIFT_EMIT_LOC_STRINGS = YES;
				SWIFT_VERSION = 5.0;
				TARGETED_DEVICE_FAMILY = "1,2";
			};
			name = Debug;
		};
		2210CC072C81F7A9004B2666 /* Release */ = {
			isa = XCBuildConfiguration;
			buildSettings = {
				ASSETCATALOG_COMPILER_APPICON_NAME = AppIcon;
				ASSETCATALOG_COMPILER_GLOBAL_ACCENT_COLOR_NAME = AccentColor;
				CODE_SIGN_IDENTITY = "Apple Development";
				CODE_SIGN_STYLE = Automatic;
				CURRENT_PROJECT_VERSION = 1;
				DEVELOPMENT_ASSET_PATHS = "\"BibliotecaIphoneIpad/Preview Content\"";
				DEVELOPMENT_TEAM = U2YGJ53TDZ;
				ENABLE_PREVIEWS = YES;
				GENERATE_INFOPLIST_FILE = YES;
				INFOPLIST_KEY_NSCameraUsageDescription = "Usar la camara";
				INFOPLIST_KEY_NSPhotoLibraryUsageDescription = "Usar la libreria";
				INFOPLIST_KEY_UIApplicationSceneManifest_Generation = YES;
				INFOPLIST_KEY_UIApplicationSupportsIndirectInputEvents = YES;
				INFOPLIST_KEY_UILaunchScreen_Generation = YES;
				INFOPLIST_KEY_UISupportedInterfaceOrientations_iPad = "UIInterfaceOrientationPortrait UIInterfaceOrientationPortraitUpsideDown UIInterfaceOrientationLandscapeLeft UIInterfaceOrientationLandscapeRight";
				INFOPLIST_KEY_UISupportedInterfaceOrientations_iPhone = "UIInterfaceOrientationPortrait UIInterfaceOrientationLandscapeLeft UIInterfaceOrientationLandscapeRight";
				LD_RUNPATH_SEARCH_PATHS = (
					"$(inherited)",
					"@executable_path/Frameworks",
				);
				MARKETING_VERSION = 1.0;
				PRODUCT_BUNDLE_IDENTIFIER = com.andrescardenas.BibliotecaIphoneIpad;
				PRODUCT_NAME = "$(TARGET_NAME)";
				PROVISIONING_PROFILE_SPECIFIER = "";
				SWIFT_EMIT_LOC_STRINGS = YES;
				SWIFT_VERSION = 5.0;
				TARGETED_DEVICE_FAMILY = "1,2";
			};
			name = Release;
		};
		2210CC092C81F7A9004B2666 /* Debug */ = {
			isa = XCBuildConfiguration;
			buildSettings = {
				ALWAYS_EMBED_SWIFT_STANDARD_LIBRARIES = YES;
				BUNDLE_LOADER = "$(TEST_HOST)";
				CODE_SIGN_STYLE = Automatic;
				CURRENT_PROJECT_VERSION = 1;
				DEVELOPMENT_TEAM = U2YGJ53TDZ;
				GENERATE_INFOPLIST_FILE = YES;
				IPHONEOS_DEPLOYMENT_TARGET = 17.5;
				MARKETING_VERSION = 1.0;
				PRODUCT_BUNDLE_IDENTIFIER = com.andrescardenas.BibliotecaIphoneIpadTests;
				PRODUCT_NAME = "$(TARGET_NAME)";
				SWIFT_EMIT_LOC_STRINGS = NO;
				SWIFT_VERSION = 5.0;
				TARGETED_DEVICE_FAMILY = "1,2";
				TEST_HOST = "$(BUILT_PRODUCTS_DIR)/BibliotecaIphoneIpad.app/$(BUNDLE_EXECUTABLE_FOLDER_PATH)/BibliotecaIphoneIpad";
			};
			name = Debug;
		};
		2210CC0A2C81F7A9004B2666 /* Release */ = {
			isa = XCBuildConfiguration;
			buildSettings = {
				ALWAYS_EMBED_SWIFT_STANDARD_LIBRARIES = YES;
				BUNDLE_LOADER = "$(TEST_HOST)";
				CODE_SIGN_STYLE = Automatic;
				CURRENT_PROJECT_VERSION = 1;
				DEVELOPMENT_TEAM = U2YGJ53TDZ;
				GENERATE_INFOPLIST_FILE = YES;
				IPHONEOS_DEPLOYMENT_TARGET = 17.5;
				MARKETING_VERSION = 1.0;
				PRODUCT_BUNDLE_IDENTIFIER = com.andrescardenas.BibliotecaIphoneIpadTests;
				PRODUCT_NAME = "$(TARGET_NAME)";
				SWIFT_EMIT_LOC_STRINGS = NO;
				SWIFT_VERSION = 5.0;
				TARGETED_DEVICE_FAMILY = "1,2";
				TEST_HOST = "$(BUILT_PRODUCTS_DIR)/BibliotecaIphoneIpad.app/$(BUNDLE_EXECUTABLE_FOLDER_PATH)/BibliotecaIphoneIpad";
			};
			name = Release;
		};
		2210CC0C2C81F7A9004B2666 /* Debug */ = {
			isa = XCBuildConfiguration;
			buildSettings = {
				ALWAYS_EMBED_SWIFT_STANDARD_LIBRARIES = YES;
				CODE_SIGN_STYLE = Automatic;
				CURRENT_PROJECT_VERSION = 1;
				DEVELOPMENT_TEAM = U2YGJ53TDZ;
				GENERATE_INFOPLIST_FILE = YES;
				MARKETING_VERSION = 1.0;
				PRODUCT_BUNDLE_IDENTIFIER = com.andrescardenas.BibliotecaIphoneIpadUITests;
				PRODUCT_NAME = "$(TARGET_NAME)";
				SWIFT_EMIT_LOC_STRINGS = NO;
				SWIFT_VERSION = 5.0;
				TARGETED_DEVICE_FAMILY = "1,2";
				TEST_TARGET_NAME = BibliotecaIphoneIpad;
			};
			name = Debug;
		};
		2210CC0D2C81F7A9004B2666 /* Release */ = {
			isa = XCBuildConfiguration;
			buildSettings = {
				ALWAYS_EMBED_SWIFT_STANDARD_LIBRARIES = YES;
				CODE_SIGN_STYLE = Automatic;
				CURRENT_PROJECT_VERSION = 1;
				DEVELOPMENT_TEAM = U2YGJ53TDZ;
				GENERATE_INFOPLIST_FILE = YES;
				MARKETING_VERSION = 1.0;
				PRODUCT_BUNDLE_IDENTIFIER = com.andrescardenas.BibliotecaIphoneIpadUITests;
				PRODUCT_NAME = "$(TARGET_NAME)";
				SWIFT_EMIT_LOC_STRINGS = NO;
				SWIFT_VERSION = 5.0;
				TARGETED_DEVICE_FAMILY = "1,2";
				TEST_TARGET_NAME = BibliotecaIphoneIpad;
			};
			name = Release;
		};
/* End XCBuildConfiguration section */

/* Begin XCConfigurationList section */
		2210CBDC2C81F7A7004B2666 /* Build configuration list for PBXProject "BibliotecaIphoneIpad" */ = {
			isa = XCConfigurationList;
			buildConfigurations = (
				2210CC032C81F7A9004B2666 /* Debug */,
				2210CC042C81F7A9004B2666 /* Release */,
			);
			defaultConfigurationIsVisible = 0;
			defaultConfigurationName = Release;
		};
		2210CC052C81F7A9004B2666 /* Build configuration list for PBXNativeTarget "BibliotecaIphoneIpad" */ = {
			isa = XCConfigurationList;
			buildConfigurations = (
				2210CC062C81F7A9004B2666 /* Debug */,
				2210CC072C81F7A9004B2666 /* Release */,
			);
			defaultConfigurationIsVisible = 0;
			defaultConfigurationName = Release;
		};
		2210CC082C81F7A9004B2666 /* Build configuration list for PBXNativeTarget "BibliotecaIphoneIpadTests" */ = {
			isa = XCConfigurationList;
			buildConfigurations = (
				2210CC092C81F7A9004B2666 /* Debug */,
				2210CC0A2C81F7A9004B2666 /* Release */,
			);
			defaultConfigurationIsVisible = 0;
			defaultConfigurationName = Release;
		};
		2210CC0B2C81F7A9004B2666 /* Build configuration list for PBXNativeTarget "BibliotecaIphoneIpadUITests" */ = {
			isa = XCConfigurationList;
			buildConfigurations = (
				2210CC0C2C81F7A9004B2666 /* Debug */,
				2210CC0D2C81F7A9004B2666 /* Release */,
			);
			defaultConfigurationIsVisible = 0;
			defaultConfigurationName = Release;
		};
/* End XCConfigurationList section */

/* Begin XCRemoteSwiftPackageReference section */
		2210CC1A2C822683004B2666 /* XCRemoteSwiftPackageReference "firebase-ios-sdk" */ = {
			isa = XCRemoteSwiftPackageReference;
			repositoryURL = "https://github.com/firebase/firebase-ios-sdk";
			requirement = {
				kind = upToNextMajorVersion;
				minimumVersion = 11.1.0;
			};
		};
/* End XCRemoteSwiftPackageReference section */

/* Begin XCSwiftPackageProductDependency section */
		2210CC1B2C822683004B2666 /* FirebaseAuth */ = {
			isa = XCSwiftPackageProductDependency;
			package = 2210CC1A2C822683004B2666 /* XCRemoteSwiftPackageReference "firebase-ios-sdk" */;
			productName = FirebaseAuth;
		};
		2210CC1D2C822683004B2666 /* FirebaseFirestore */ = {
			isa = XCSwiftPackageProductDependency;
			package = 2210CC1A2C822683004B2666 /* XCRemoteSwiftPackageReference "firebase-ios-sdk" */;
			productName = FirebaseFirestore;
		};
		2210CC1F2C822683004B2666 /* FirebaseStorage */ = {
			isa = XCSwiftPackageProductDependency;
			package = 2210CC1A2C822683004B2666 /* XCRemoteSwiftPackageReference "firebase-ios-sdk" */;
			productName = FirebaseStorage;
		};
/* End XCSwiftPackageProductDependency section */
	};
	rootObject = 2210CBD92C81F7A7004B2666 /* Project object */;
}
